
Microsoft Visual Studio Solution File, Format Version 12.00
# Visual Studio Version 17
VisualStudioVersion = 17.1.32414.318
MinimumVisualStudioVersion = 10.0.40219.1
Project("{9A19103F-16F7-4668-BE54-9A1E7A4F7556}") = "CandidateAssessment", "CandidateAssessment\CandidateAssessment.csproj", "{67D2DD0A-D816-4B6C-ACE1-B3DFBCE72FDD}"
EndProject
Global
	GlobalSection(SolutionConfigurationPlatforms) = preSolution
		Debug|Any CPU = Debug|Any CPU
		Release|Any CPU = Release|Any CPU
	EndGlobalSection
	GlobalSection(ProjectConfigurationPlatforms) = postSolution
		{67D2DD0A-D816-4B6C-ACE1-B3DFBCE72FDD}.Debug|Any CPU.ActiveCfg = Debug|Any CPU
		{67D2DD0A-D816-4B6C-ACE1-B3DFBCE72FDD}.Debug|Any CPU.Build.0 = Debug|Any CPU
		{67D2DD0A-D816-4B6C-ACE1-B3DFBCE72FDD}.Release|Any CPU.ActiveCfg = Release|Any CPU
		{67D2DD0A-D816-4B6C-ACE1-B3DFBCE72FDD}.Release|Any CPU.Build.0 = Release|Any CPU
	EndGlobalSection
	GlobalSection(SolutionProperties) = preSolution
		HideSolutionNode = FALSE
	EndGlobalSection
	GlobalSection(ExtensibilityGlobals) = postSolution
		SolutionGuid = {C2C6CC02-5CE5-4137-B72F-0B8BF7C9B871}
	EndGlobalSection
EndGlobal
